# This file was autogenerated by Stack.
# You should not edit this file by hand.
# For more information, please see the documentation at:
#   https://docs.haskellstack.org/en/stable/lock_files

packages:
- completed:
    hackage: rest-rewrite-0.4.3@sha256:a1c3a402a4996c85f410b2633059e2b7fd278bad979391332d24f54ef31a1554,4086
    pantry-tree:
      sha256: e6f275dfd58bbeec68cf8e4353a748d4694717f6663f96971a3a49fe832a3942
      size: 4075
  original:
    hackage: rest-rewrite-0.4.3
- completed:
    hackage: smtlib-backends-0.3@sha256:a947aead99f6a314833bddca9b502d5faea8d3bd2fc76ffb53c34d5c5b7557bc,1211
    pantry-tree:
      sha256: 97b88a647ac996808a93b2eab62e9e8574d9b9a451ee37a9103e209b63be012d
      size: 275
  original:
    hackage: smtlib-backends-0.3
- completed:
    hackage: smtlib-backends-process-0.3@sha256:1cdd2ae8ebf3786f08cafe2f6b47001f7647779ad87cba3f05250f68d70e3f07,1676
    pantry-tree:
      sha256: 05326db88add261e687f039a81b8573a4192b42e47e994230e516b3c604af3e8
      size: 461
  original:
    hackage: smtlib-backends-process-0.3
- completed:
    hackage: store-0.7.19@sha256:03eaddce21499e45bc507c83fbfed076f89c836fb0ce19ff47c4549a7cda3051,8159
    pantry-tree:
      sha256: 692c05736d3522a142bedfc3aac85abea5f6a41776d116604a46d46f8f297097
      size: 1292
  original:
    hackage: store-0.7.19
- completed:
    hackage: store-core-0.4.4.6@sha256:7aafad68bd66a1e091144228544ebbf0095e8301209ea4d1f2554280ae014d0f,1561
    pantry-tree:
      sha256: ed3335ae51c827e073b00fb3135d9e02c9169e7057d8db20c5d4e33b6fca5255
      size: 271
  original:
    hackage: store-core-0.4.4.6
- completed:
    commit: 6baa675f6bb000d016f0c859d7f865263679dc43
    git: https://github.com/ucsd-progsys/liquidhaskell
    name: liquidhaskell
    pantry-tree:
      sha256: 039e570141059d8d7aa9be455e925e2e15281468e29514637e33f3542f9fd896
      size: 303004
    subdir: .
    version: 0.9.10.1.2
  original:
    commit: 6baa675f6bb000d016f0c859d7f865263679dc43
    git: https://github.com/ucsd-progsys/liquidhaskell
    subdir: .
- completed:
    commit: 6baa675f6bb000d016f0c859d7f865263679dc43
    git: https://github.com/ucsd-progsys/liquidhaskell
    name: liquid-prelude
    pantry-tree:
      sha256: 99f27970c570e216461183367e0aa45259c44b3755ab3fa137737d31c81bf451
      size: 882
    subdir: liquid-prelude
    version: 0.9.2.8.2
  original:
    commit: 6baa675f6bb000d016f0c859d7f865263679dc43
    git: https://github.com/ucsd-progsys/liquidhaskell
    subdir: liquid-prelude
- completed:
    commit: 6baa675f6bb000d016f0c859d7f865263679dc43
    git: https://github.com/ucsd-progsys/liquidhaskell
    name: liquid-vector
    pantry-tree:
      sha256: d5d3d7d555ae8aae529b369d284fb859690f22ad37cc5ac6fef0b8402f47326a
      size: 231
    subdir: liquid-vector
    version: 0.13.1.0.1
  original:
    commit: 6baa675f6bb000d016f0c859d7f865263679dc43
    git: https://github.com/ucsd-progsys/liquidhaskell
    subdir: liquid-vector
- completed:
    commit: 6baa675f6bb000d016f0c859d7f865263679dc43
    git: https://github.com/ucsd-progsys/liquidhaskell
    name: liquidhaskell-boot
    pantry-tree:
      sha256: 669ae8747d45f0fe526775ca063d81f0b14d0855f349ceb82ed8c783e5947929
      size: 8079
    subdir: liquidhaskell-boot
    version: 0.9.10.1.2
  original:
    commit: 6baa675f6bb000d016f0c859d7f865263679dc43
    git: https://github.com/ucsd-progsys/liquidhaskell
    subdir: liquidhaskell-boot
- completed:
    commit: 031df812a6df0c05b675ac1db9a9076f38b1c6e8
    git: https://github.com/ucsd-progsys/liquid-fixpoint
    name: liquid-fixpoint
    pantry-tree:
      sha256: f300368264be566f14a3b9bad69183e9d4d8047944c019e91b6bad4452ff3ce5
      size: 28022
    version: 0.9.6.3.2
  original:
    commit: 031df812a6df0c05b675ac1db9a9076f38b1c6e8
    git: https://github.com/ucsd-progsys/liquid-fixpoint
snapshots:
- completed:
    sha256: 59b24074ee1ea497b4268a6898a48b65faad6a461b680ae5043351d37c36a580
    size: 674333
    url: https://raw.githubusercontent.com/commercialhaskell/stackage-snapshots/master/nightly/2025/4/2.yaml
  original: nightly-2025-04-02
